
Microsoft Visual Studio Solution File, Format Version 12.00
# Visual Studio Version 17
VisualStudioVersion = 17.8.34330.188
MinimumVisualStudioVersion = 10.0.40219.1
Project("{FAE04EC0-301F-11D3-BF4B-00C04F79EFBC}") = "EntityProjeUygulama", "EntityProjeUygulama\EntityProjeUygulama.csproj", "{EE0D2715-1F1C-4793-B919-5A1E6562244A}"
EndProject
Global
	GlobalSection(SolutionConfigurationPlatforms) = preSolution
		Debug|Any CPU = Debug|Any CPU
		Release|Any CPU = Release|Any CPU
	EndGlobalSection
	GlobalSection(ProjectConfigurationPlatforms) = postSolution
		{EE0D2715-1F1C-4793-B919-5A1E6562244A}.Debug|Any CPU.ActiveCfg = Debug|Any CPU
		{EE0D2715-1F1C-4793-B919-5A1E6562244A}.Debug|Any CPU.Build.0 = Debug|Any CPU
		{EE0D2715-1F1C-4793-B919-5A1E6562244A}.Release|Any CPU.ActiveCfg = Release|Any CPU
		{EE0D2715-1F1C-4793-B919-5A1E6562244A}.Release|Any CPU.Build.0 = Release|Any CPU
	EndGlobalSection
	GlobalSection(SolutionProperties) = preSolution
		HideSolutionNode = FALSE
	EndGlobalSection
	GlobalSection(ExtensibilityGlobals) = postSolution
		SolutionGuid = {655D31FD-FC88-40E8-AE40-0B11E2488C31}
	EndGlobalSection
EndGlobal
